
Microsoft Visual Studio Solution File, Format Version 12.00
# Visual Studio 15
VisualStudioVersion = 15.0.26730.10
MinimumVisualStudioVersion = 10.0.40219.1

Project("{6EC3EE1D-3C4E-46DD-8F32-0CC8E7565705}") = "ReleaseErrorTest", "ReleaseErrorTest\ReleaseErrorTest.fsproj", "{990AE3B3-1091-4C7F-8CA4-C7726E2CE1D7}"
EndProject

Project("{F2A71F9B-5D33-465A-A702-920D77279786}") = "ReleaseErrorTest.Android", "ReleaseErrorTest.Android\ReleaseErrorTest.Android.fsproj", "{0BBF4DFA-387C-4221-A378-DE41160E980E}"
EndProject






Global
	GlobalSection(SolutionConfigurationPlatforms) = preSolution
		Ad-Hoc|Any CPU = Ad-Hoc|Any CPU
		Ad-Hoc|ARM = Ad-Hoc|ARM
		Ad-Hoc|iPhone = Ad-Hoc|iPhone
		Ad-Hoc|iPhoneSimulator = Ad-Hoc|iPhoneSimulator
		Ad-Hoc|x64 = Ad-Hoc|x64
		Ad-Hoc|x86 = Ad-Hoc|x86
		AppStore|Any CPU = AppStore|Any CPU
		AppStore|ARM = AppStore|ARM
		AppStore|iPhone = AppStore|iPhone
		AppStore|iPhoneSimulator = AppStore|iPhoneSimulator
		AppStore|x64 = AppStore|x64
		AppStore|x86 = AppStore|x86
		Debug|Any CPU = Debug|Any CPU
		Debug|ARM = Debug|ARM
		Debug|iPhone = Debug|iPhone
		Debug|iPhoneSimulator = Debug|iPhoneSimulator
		Debug|x64 = Debug|x64
		Debug|x86 = Debug|x86
		Release|Any CPU = Release|Any CPU
		Release|ARM = Release|ARM
		Release|iPhone = Release|iPhone
		Release|iPhoneSimulator = Release|iPhoneSimulator
		Release|x64 = Release|x64
		Release|x86 = Release|x86
	EndGlobalSection
	GlobalSection(ProjectConfigurationPlatforms) = postSolution
		{990AE3B3-1091-4C7F-8CA4-C7726E2CE1D7}.Ad-Hoc|Any CPU.ActiveCfg = Debug|Any CPU
		{990AE3B3-1091-4C7F-8CA4-C7726E2CE1D7}.Ad-Hoc|Any CPU.Build.0 = Debug|Any CPU
		{990AE3B3-1091-4C7F-8CA4-C7726E2CE1D7}.Ad-Hoc|ARM.ActiveCfg = Debug|Any CPU
		{990AE3B3-1091-4C7F-8CA4-C7726E2CE1D7}.Ad-Hoc|ARM.Build.0 = Debug|Any CPU
		{990AE3B3-1091-4C7F-8CA4-C7726E2CE1D7}.Ad-Hoc|iPhone.ActiveCfg = Debug|Any CPU
		{990AE3B3-1091-4C7F-8CA4-C7726E2CE1D7}.Ad-Hoc|iPhone.Build.0 = Debug|Any CPU
		{990AE3B3-1091-4C7F-8CA4-C7726E2CE1D7}.Ad-Hoc|iPhoneSimulator.ActiveCfg = Debug|Any CPU
		{990AE3B3-1091-4C7F-8CA4-C7726E2CE1D7}.Ad-Hoc|iPhoneSimulator.Build.0 = Debug|Any CPU
		{990AE3B3-1091-4C7F-8CA4-C7726E2CE1D7}.Ad-Hoc|x64.ActiveCfg = Debug|Any CPU
		{990AE3B3-1091-4C7F-8CA4-C7726E2CE1D7}.Ad-Hoc|x64.Build.0 = Debug|Any CPU
		{990AE3B3-1091-4C7F-8CA4-C7726E2CE1D7}.Ad-Hoc|x86.ActiveCfg = Debug|Any CPU
		{990AE3B3-1091-4C7F-8CA4-C7726E2CE1D7}.Ad-Hoc|x86.Build.0 = Debug|Any CPU
		{990AE3B3-1091-4C7F-8CA4-C7726E2CE1D7}.AppStore|Any CPU.ActiveCfg = Debug|Any CPU
		{990AE3B3-1091-4C7F-8CA4-C7726E2CE1D7}.AppStore|Any CPU.Build.0 = Debug|Any CPU
		{990AE3B3-1091-4C7F-8CA4-C7726E2CE1D7}.AppStore|ARM.ActiveCfg = Debug|Any CPU
		{990AE3B3-1091-4C7F-8CA4-C7726E2CE1D7}.AppStore|ARM.Build.0 = Debug|Any CPU
		{990AE3B3-1091-4C7F-8CA4-C7726E2CE1D7}.AppStore|iPhone.ActiveCfg = Debug|Any CPU
		{990AE3B3-1091-4C7F-8CA4-C7726E2CE1D7}.AppStore|iPhone.Build.0 = Debug|Any CPU
		{990AE3B3-1091-4C7F-8CA4-C7726E2CE1D7}.AppStore|iPhoneSimulator.ActiveCfg = Debug|Any CPU
		{990AE3B3-1091-4C7F-8CA4-C7726E2CE1D7}.AppStore|iPhoneSimulator.Build.0 = Debug|Any CPU
		{990AE3B3-1091-4C7F-8CA4-C7726E2CE1D7}.AppStore|x64.ActiveCfg = Debug|Any CPU
		{990AE3B3-1091-4C7F-8CA4-C7726E2CE1D7}.AppStore|x64.Build.0 = Debug|Any CPU
		{990AE3B3-1091-4C7F-8CA4-C7726E2CE1D7}.AppStore|x86.ActiveCfg = Debug|Any CPU
		{990AE3B3-1091-4C7F-8CA4-C7726E2CE1D7}.AppStore|x86.Build.0 = Debug|Any CPU
		{990AE3B3-1091-4C7F-8CA4-C7726E2CE1D7}.Debug|Any CPU.ActiveCfg = Debug|Any CPU
		{990AE3B3-1091-4C7F-8CA4-C7726E2CE1D7}.Debug|Any CPU.Build.0 = Debug|Any CPU
		{990AE3B3-1091-4C7F-8CA4-C7726E2CE1D7}.Debug|ARM.ActiveCfg = Debug|Any CPU
		{990AE3B3-1091-4C7F-8CA4-C7726E2CE1D7}.Debug|ARM.Build.0 = Debug|Any CPU
		{990AE3B3-1091-4C7F-8CA4-C7726E2CE1D7}.Debug|iPhone.ActiveCfg = Debug|Any CPU
		{990AE3B3-1091-4C7F-8CA4-C7726E2CE1D7}.Debug|iPhone.Build.0 = Debug|Any CPU
		{990AE3B3-1091-4C7F-8CA4-C7726E2CE1D7}.Debug|iPhoneSimulator.ActiveCfg = Debug|Any CPU
		{990AE3B3-1091-4C7F-8CA4-C7726E2CE1D7}.Debug|iPhoneSimulator.Build.0 = Debug|Any CPU
		{990AE3B3-1091-4C7F-8CA4-C7726E2CE1D7}.Debug|x64.ActiveCfg = Debug|Any CPU
		{990AE3B3-1091-4C7F-8CA4-C7726E2CE1D7}.Debug|x64.Build.0 = Debug|Any CPU
		{990AE3B3-1091-4C7F-8CA4-C7726E2CE1D7}.Debug|x86.ActiveCfg = Debug|Any CPU
		{990AE3B3-1091-4C7F-8CA4-C7726E2CE1D7}.Debug|x86.Build.0 = Debug|Any CPU
		{990AE3B3-1091-4C7F-8CA4-C7726E2CE1D7}.Release|Any CPU.ActiveCfg = Release|Any CPU
		{990AE3B3-1091-4C7F-8CA4-C7726E2CE1D7}.Release|Any CPU.Build.0 = Release|Any CPU
		{990AE3B3-1091-4C7F-8CA4-C7726E2CE1D7}.Release|ARM.ActiveCfg = Release|Any CPU
		{990AE3B3-1091-4C7F-8CA4-C7726E2CE1D7}.Release|ARM.Build.0 = Release|Any CPU
		{990AE3B3-1091-4C7F-8CA4-C7726E2CE1D7}.Release|iPhone.ActiveCfg = Release|Any CPU
		{990AE3B3-1091-4C7F-8CA4-C7726E2CE1D7}.Release|iPhone.Build.0 = Release|Any CPU
		{990AE3B3-1091-4C7F-8CA4-C7726E2CE1D7}.Release|iPhoneSimulator.ActiveCfg = Release|Any CPU
		{990AE3B3-1091-4C7F-8CA4-C7726E2CE1D7}.Release|iPhoneSimulator.Build.0 = Release|Any CPU
		{990AE3B3-1091-4C7F-8CA4-C7726E2CE1D7}.Release|x64.ActiveCfg = Release|Any CPU
		{990AE3B3-1091-4C7F-8CA4-C7726E2CE1D7}.Release|x64.Build.0 = Release|Any CPU
		{990AE3B3-1091-4C7F-8CA4-C7726E2CE1D7}.Release|x86.ActiveCfg = Release|Any CPU
		{990AE3B3-1091-4C7F-8CA4-C7726E2CE1D7}.Release|x86.Build.0 = Release|Any CPU
		{2CA5413C-BF93-4AE3-88DB-82C5C88950A6}.Ad-Hoc|Any CPU.ActiveCfg = Ad-Hoc|iPhone
		{2CA5413C-BF93-4AE3-88DB-82C5C88950A6}.Ad-Hoc|ARM.ActiveCfg = Ad-Hoc|iPhone
		{2CA5413C-BF93-4AE3-88DB-82C5C88950A6}.Ad-Hoc|iPhone.ActiveCfg = Ad-Hoc|iPhone
		{2CA5413C-BF93-4AE3-88DB-82C5C88950A6}.Ad-Hoc|iPhone.Build.0 = Ad-Hoc|iPhone
		{2CA5413C-BF93-4AE3-88DB-82C5C88950A6}.Ad-Hoc|iPhoneSimulator.ActiveCfg = Ad-Hoc|iPhoneSimulator
		{2CA5413C-BF93-4AE3-88DB-82C5C88950A6}.Ad-Hoc|iPhoneSimulator.Build.0 = Ad-Hoc|iPhoneSimulator
		{2CA5413C-BF93-4AE3-88DB-82C5C88950A6}.Ad-Hoc|x64.ActiveCfg = Ad-Hoc|iPhone
		{2CA5413C-BF93-4AE3-88DB-82C5C88950A6}.Ad-Hoc|x86.ActiveCfg = Ad-Hoc|iPhone
		{2CA5413C-BF93-4AE3-88DB-82C5C88950A6}.AppStore|Any CPU.ActiveCfg = AppStore|iPhone
		{2CA5413C-BF93-4AE3-88DB-82C5C88950A6}.AppStore|ARM.ActiveCfg = AppStore|iPhone
		{2CA5413C-BF93-4AE3-88DB-82C5C88950A6}.AppStore|iPhone.ActiveCfg = AppStore|iPhone
		{2CA5413C-BF93-4AE3-88DB-82C5C88950A6}.AppStore|iPhone.Build.0 = AppStore|iPhone
		{2CA5413C-BF93-4AE3-88DB-82C5C88950A6}.AppStore|iPhoneSimulator.ActiveCfg = AppStore|iPhoneSimulator
		{2CA5413C-BF93-4AE3-88DB-82C5C88950A6}.AppStore|iPhoneSimulator.Build.0 = AppStore|iPhoneSimulator
		{2CA5413C-BF93-4AE3-88DB-82C5C88950A6}.AppStore|x64.ActiveCfg = AppStore|iPhone
		{2CA5413C-BF93-4AE3-88DB-82C5C88950A6}.AppStore|x86.ActiveCfg = AppStore|iPhone
		{2CA5413C-BF93-4AE3-88DB-82C5C88950A6}.Debug|Any CPU.ActiveCfg = Debug|iPhone
		{2CA5413C-BF93-4AE3-88DB-82C5C88950A6}.Debug|ARM.ActiveCfg = Debug|iPhone
		{2CA5413C-BF93-4AE3-88DB-82C5C88950A6}.Debug|iPhone.ActiveCfg = Debug|iPhone
		{2CA5413C-BF93-4AE3-88DB-82C5C88950A6}.Debug|iPhone.Build.0 = Debug|iPhone
		{2CA5413C-BF93-4AE3-88DB-82C5C88950A6}.Debug|iPhoneSimulator.ActiveCfg = Debug|iPhoneSimulator
		{2CA5413C-BF93-4AE3-88DB-82C5C88950A6}.Debug|iPhoneSimulator.Build.0 = Debug|iPhoneSimulator
		{2CA5413C-BF93-4AE3-88DB-82C5C88950A6}.Debug|x64.ActiveCfg = Debug|iPhone
		{2CA5413C-BF93-4AE3-88DB-82C5C88950A6}.Debug|x86.ActiveCfg = Debug|iPhone
		{2CA5413C-BF93-4AE3-88DB-82C5C88950A6}.Release|Any CPU.ActiveCfg = Release|iPhone
		{2CA5413C-BF93-4AE3-88DB-82C5C88950A6}.Release|ARM.ActiveCfg = Release|iPhone
		{2CA5413C-BF93-4AE3-88DB-82C5C88950A6}.Release|iPhone.ActiveCfg = Release|iPhone
		{2CA5413C-BF93-4AE3-88DB-82C5C88950A6}.Release|iPhone.Build.0 = Release|iPhone
		{2CA5413C-BF93-4AE3-88DB-82C5C88950A6}.Release|iPhoneSimulator.ActiveCfg = Release|iPhoneSimulator
		{2CA5413C-BF93-4AE3-88DB-82C5C88950A6}.Release|iPhoneSimulator.Build.0 = Release|iPhoneSimulator
		{2CA5413C-BF93-4AE3-88DB-82C5C88950A6}.Release|x64.ActiveCfg = Release|iPhone
		{2CA5413C-BF93-4AE3-88DB-82C5C88950A6}.Release|x86.ActiveCfg = Release|iPhone
		{FAD5C285-7295-4397-AFF5-BA2CDC829761}.Ad-Hoc|Any CPU.ActiveCfg = Release|x86
		{FAD5C285-7295-4397-AFF5-BA2CDC829761}.Ad-Hoc|Any CPU.Build.0 = Release|x86
		{FAD5C285-7295-4397-AFF5-BA2CDC829761}.Ad-Hoc|Any CPU.Deploy.0 = Release|x86
		{FAD5C285-7295-4397-AFF5-BA2CDC829761}.Ad-Hoc|ARM.ActiveCfg = Release|ARM
		{FAD5C285-7295-4397-AFF5-BA2CDC829761}.Ad-Hoc|ARM.Build.0 = Release|ARM
		{FAD5C285-7295-4397-AFF5-BA2CDC829761}.Ad-Hoc|ARM.Deploy.0 = Release|ARM
		{FAD5C285-7295-4397-AFF5-BA2CDC829761}.Ad-Hoc|iPhone.ActiveCfg = Release|x86
		{FAD5C285-7295-4397-AFF5-BA2CDC829761}.Ad-Hoc|iPhone.Build.0 = Release|x86
		{FAD5C285-7295-4397-AFF5-BA2CDC829761}.Ad-Hoc|iPhone.Deploy.0 = Release|x86
		{FAD5C285-7295-4397-AFF5-BA2CDC829761}.Ad-Hoc|iPhoneSimulator.ActiveCfg = Release|x86
		{FAD5C285-7295-4397-AFF5-BA2CDC829761}.Ad-Hoc|iPhoneSimulator.Build.0 = Release|x86
		{FAD5C285-7295-4397-AFF5-BA2CDC829761}.Ad-Hoc|iPhoneSimulator.Deploy.0 = Release|x86
		{FAD5C285-7295-4397-AFF5-BA2CDC829761}.Ad-Hoc|x64.ActiveCfg = Release|x64
		{FAD5C285-7295-4397-AFF5-BA2CDC829761}.Ad-Hoc|x64.Build.0 = Release|x64
		{FAD5C285-7295-4397-AFF5-BA2CDC829761}.Ad-Hoc|x64.Deploy.0 = Release|x64
		{FAD5C285-7295-4397-AFF5-BA2CDC829761}.Ad-Hoc|x86.ActiveCfg = Release|x86
		{FAD5C285-7295-4397-AFF5-BA2CDC829761}.Ad-Hoc|x86.Build.0 = Release|x86
		{FAD5C285-7295-4397-AFF5-BA2CDC829761}.Ad-Hoc|x86.Deploy.0 = Release|x86
		{FAD5C285-7295-4397-AFF5-BA2CDC829761}.AppStore|Any CPU.ActiveCfg = Release|x86
		{FAD5C285-7295-4397-AFF5-BA2CDC829761}.AppStore|Any CPU.Build.0 = Release|x86
		{FAD5C285-7295-4397-AFF5-BA2CDC829761}.AppStore|Any CPU.Deploy.0 = Release|x86
		{FAD5C285-7295-4397-AFF5-BA2CDC829761}.AppStore|ARM.ActiveCfg = Release|ARM
		{FAD5C285-7295-4397-AFF5-BA2CDC829761}.AppStore|ARM.Build.0 = Release|ARM
		{FAD5C285-7295-4397-AFF5-BA2CDC829761}.AppStore|ARM.Deploy.0 = Release|ARM
		{FAD5C285-7295-4397-AFF5-BA2CDC829761}.AppStore|iPhone.ActiveCfg = Release|x86
		{FAD5C285-7295-4397-AFF5-BA2CDC829761}.AppStore|iPhone.Build.0 = Release|x86
		{FAD5C285-7295-4397-AFF5-BA2CDC829761}.AppStore|iPhone.Deploy.0 = Release|x86
		{FAD5C285-7295-4397-AFF5-BA2CDC829761}.AppStore|iPhoneSimulator.ActiveCfg = Release|x86
		{FAD5C285-7295-4397-AFF5-BA2CDC829761}.AppStore|iPhoneSimulator.Build.0 = Release|x86
		{FAD5C285-7295-4397-AFF5-BA2CDC829761}.AppStore|iPhoneSimulator.Deploy.0 = Release|x86
		{FAD5C285-7295-4397-AFF5-BA2CDC829761}.AppStore|x64.ActiveCfg = Release|x64
		{FAD5C285-7295-4397-AFF5-BA2CDC829761}.AppStore|x64.Build.0 = Release|x64
		{FAD5C285-7295-4397-AFF5-BA2CDC829761}.AppStore|x64.Deploy.0 = Release|x64
		{FAD5C285-7295-4397-AFF5-BA2CDC829761}.AppStore|x86.ActiveCfg = Release|x86
		{FAD5C285-7295-4397-AFF5-BA2CDC829761}.AppStore|x86.Build.0 = Release|x86
		{FAD5C285-7295-4397-AFF5-BA2CDC829761}.AppStore|x86.Deploy.0 = Release|x86
		{FAD5C285-7295-4397-AFF5-BA2CDC829761}.Debug|Any CPU.ActiveCfg = Debug|x86
		{FAD5C285-7295-4397-AFF5-BA2CDC829761}.Debug|ARM.ActiveCfg = Debug|ARM
		{FAD5C285-7295-4397-AFF5-BA2CDC829761}.Debug|ARM.Build.0 = Debug|ARM
		{FAD5C285-7295-4397-AFF5-BA2CDC829761}.Debug|ARM.Deploy.0 = Debug|ARM
		{FAD5C285-7295-4397-AFF5-BA2CDC829761}.Debug|iPhone.ActiveCfg = Debug|x86
		{FAD5C285-7295-4397-AFF5-BA2CDC829761}.Debug|iPhoneSimulator.ActiveCfg = Debug|x86
		{FAD5C285-7295-4397-AFF5-BA2CDC829761}.Debug|x64.ActiveCfg = Debug|x64
		{FAD5C285-7295-4397-AFF5-BA2CDC829761}.Debug|x64.Build.0 = Debug|x64
		{FAD5C285-7295-4397-AFF5-BA2CDC829761}.Debug|x64.Deploy.0 = Debug|x64
		{FAD5C285-7295-4397-AFF5-BA2CDC829761}.Debug|x86.ActiveCfg = Debug|x86
		{FAD5C285-7295-4397-AFF5-BA2CDC829761}.Debug|x86.Build.0 = Debug|x86
		{FAD5C285-7295-4397-AFF5-BA2CDC829761}.Debug|x86.Deploy.0 = Debug|x86
		{FAD5C285-7295-4397-AFF5-BA2CDC829761}.Release|Any CPU.ActiveCfg = Release|x86
		{FAD5C285-7295-4397-AFF5-BA2CDC829761}.Release|ARM.ActiveCfg = Release|ARM
		{FAD5C285-7295-4397-AFF5-BA2CDC829761}.Release|ARM.Build.0 = Release|ARM
		{FAD5C285-7295-4397-AFF5-BA2CDC829761}.Release|ARM.Deploy.0 = Release|ARM
		{FAD5C285-7295-4397-AFF5-BA2CDC829761}.Release|iPhone.ActiveCfg = Release|x86
		{FAD5C285-7295-4397-AFF5-BA2CDC829761}.Release|iPhoneSimulator.ActiveCfg = Release|x86
		{FAD5C285-7295-4397-AFF5-BA2CDC829761}.Release|x64.ActiveCfg = Release|x64
		{FAD5C285-7295-4397-AFF5-BA2CDC829761}.Release|x64.Build.0 = Release|x64
		{FAD5C285-7295-4397-AFF5-BA2CDC829761}.Release|x64.Deploy.0 = Release|x64
		{FAD5C285-7295-4397-AFF5-BA2CDC829761}.Release|x86.ActiveCfg = Release|x86
		{FAD5C285-7295-4397-AFF5-BA2CDC829761}.Release|x86.Build.0 = Release|x86
		{FAD5C285-7295-4397-AFF5-BA2CDC829761}.Release|x86.Deploy.0 = Release|x86
		{0A701847-29C3-4E50-B3F2-0DA6CBF02FCB}.Ad-Hoc|Any CPU.ActiveCfg = Release|Any CPU
		{0A701847-29C3-4E50-B3F2-0DA6CBF02FCB}.Ad-Hoc|Any CPU.Build.0 = Release|Any CPU
		{0A701847-29C3-4E50-B3F2-0DA6CBF02FCB}.Ad-Hoc|ARM.ActiveCfg = Release|Any CPU
		{0A701847-29C3-4E50-B3F2-0DA6CBF02FCB}.Ad-Hoc|ARM.Build.0 = Release|Any CPU
		{0A701847-29C3-4E50-B3F2-0DA6CBF02FCB}.Ad-Hoc|iPhone.ActiveCfg = Release|Any CPU
		{0A701847-29C3-4E50-B3F2-0DA6CBF02FCB}.Ad-Hoc|iPhone.Build.0 = Release|Any CPU
		{0A701847-29C3-4E50-B3F2-0DA6CBF02FCB}.Ad-Hoc|iPhoneSimulator.ActiveCfg = Release|Any CPU
		{0A701847-29C3-4E50-B3F2-0DA6CBF02FCB}.Ad-Hoc|iPhoneSimulator.Build.0 = Release|Any CPU
		{0A701847-29C3-4E50-B3F2-0DA6CBF02FCB}.Ad-Hoc|x64.ActiveCfg = Release|Any CPU
		{0A701847-29C3-4E50-B3F2-0DA6CBF02FCB}.Ad-Hoc|x64.Build.0 = Release|Any CPU
		{0A701847-29C3-4E50-B3F2-0DA6CBF02FCB}.Ad-Hoc|x86.ActiveCfg = Release|Any CPU
		{0A701847-29C3-4E50-B3F2-0DA6CBF02FCB}.Ad-Hoc|x86.Build.0 = Release|Any CPU
		{0A701847-29C3-4E50-B3F2-0DA6CBF02FCB}.AppStore|Any CPU.ActiveCfg = Release|Any CPU
		{0A701847-29C3-4E50-B3F2-0DA6CBF02FCB}.AppStore|Any CPU.Build.0 = Release|Any CPU
		{0A701847-29C3-4E50-B3F2-0DA6CBF02FCB}.AppStore|ARM.ActiveCfg = Release|Any CPU
		{0A701847-29C3-4E50-B3F2-0DA6CBF02FCB}.AppStore|ARM.Build.0 = Release|Any CPU
		{0A701847-29C3-4E50-B3F2-0DA6CBF02FCB}.AppStore|iPhone.ActiveCfg = Release|Any CPU
		{0A701847-29C3-4E50-B3F2-0DA6CBF02FCB}.AppStore|iPhone.Build.0 = Release|Any CPU
		{0A701847-29C3-4E50-B3F2-0DA6CBF02FCB}.AppStore|iPhoneSimulator.ActiveCfg = Release|Any CPU
		{0A701847-29C3-4E50-B3F2-0DA6CBF02FCB}.AppStore|iPhoneSimulator.Build.0 = Release|Any CPU
		{0A701847-29C3-4E50-B3F2-0DA6CBF02FCB}.AppStore|x64.ActiveCfg = Release|Any CPU
		{0A701847-29C3-4E50-B3F2-0DA6CBF02FCB}.AppStore|x64.Build.0 = Release|Any CPU
		{0A701847-29C3-4E50-B3F2-0DA6CBF02FCB}.AppStore|x86.ActiveCfg = Release|Any CPU
		{0A701847-29C3-4E50-B3F2-0DA6CBF02FCB}.AppStore|x86.Build.0 = Release|Any CPU
		{0A701847-29C3-4E50-B3F2-0DA6CBF02FCB}.Debug|Any CPU.ActiveCfg = Debug|Any CPU
		{0A701847-29C3-4E50-B3F2-0DA6CBF02FCB}.Debug|Any CPU.Build.0 = Debug|Any CPU
		{0A701847-29C3-4E50-B3F2-0DA6CBF02FCB}.Debug|ARM.ActiveCfg = Debug|Any CPU
		{0A701847-29C3-4E50-B3F2-0DA6CBF02FCB}.Debug|ARM.Build.0 = Debug|Any CPU
		{0A701847-29C3-4E50-B3F2-0DA6CBF02FCB}.Debug|iPhone.ActiveCfg = Debug|Any CPU
		{0A701847-29C3-4E50-B3F2-0DA6CBF02FCB}.Debug|iPhone.Build.0 = Debug|Any CPU
		{0A701847-29C3-4E50-B3F2-0DA6CBF02FCB}.Debug|iPhoneSimulator.ActiveCfg = Debug|Any CPU
		{0A701847-29C3-4E50-B3F2-0DA6CBF02FCB}.Debug|iPhoneSimulator.Build.0 = Debug|Any CPU
		{0A701847-29C3-4E50-B3F2-0DA6CBF02FCB}.Debug|x64.ActiveCfg = Debug|Any CPU
		{0A701847-29C3-4E50-B3F2-0DA6CBF02FCB}.Debug|x64.Build.0 = Debug|Any CPU
		{0A701847-29C3-4E50-B3F2-0DA6CBF02FCB}.Debug|x86.ActiveCfg = Debug|Any CPU
		{0A701847-29C3-4E50-B3F2-0DA6CBF02FCB}.Debug|x86.Build.0 = Debug|Any CPU
		{0A701847-29C3-4E50-B3F2-0DA6CBF02FCB}.Release|Any CPU.ActiveCfg = Release|Any CPU
		{0A701847-29C3-4E50-B3F2-0DA6CBF02FCB}.Release|Any CPU.Build.0 = Release|Any CPU
		{0A701847-29C3-4E50-B3F2-0DA6CBF02FCB}.Release|ARM.ActiveCfg = Release|Any CPU
		{0A701847-29C3-4E50-B3F2-0DA6CBF02FCB}.Release|ARM.Build.0 = Release|Any CPU
		{0A701847-29C3-4E50-B3F2-0DA6CBF02FCB}.Release|iPhone.ActiveCfg = Release|Any CPU
		{0A701847-29C3-4E50-B3F2-0DA6CBF02FCB}.Release|iPhone.Build.0 = Release|Any CPU
		{0A701847-29C3-4E50-B3F2-0DA6CBF02FCB}.Release|iPhoneSimulator.ActiveCfg = Release|Any CPU
		{0A701847-29C3-4E50-B3F2-0DA6CBF02FCB}.Release|iPhoneSimulator.Build.0 = Release|Any CPU
		{0A701847-29C3-4E50-B3F2-0DA6CBF02FCB}.Release|x64.ActiveCfg = Release|Any CPU
		{0A701847-29C3-4E50-B3F2-0DA6CBF02FCB}.Release|x64.Build.0 = Release|Any CPU
		{0A701847-29C3-4E50-B3F2-0DA6CBF02FCB}.Release|x86.ActiveCfg = Release|Any CPU
		{0A701847-29C3-4E50-B3F2-0DA6CBF02FCB}.Release|x86.Build.0 = Release|Any CPU
		{83F5D679-F828-4767-B6D6-EC03F5D7DFF5}.Ad-Hoc|Any CPU.ActiveCfg = Release|Any CPU
		{83F5D679-F828-4767-B6D6-EC03F5D7DFF5}.Ad-Hoc|Any CPU.Build.0 = Release|Any CPU
		{83F5D679-F828-4767-B6D6-EC03F5D7DFF5}.Ad-Hoc|ARM.ActiveCfg = Release|Any CPU
		{83F5D679-F828-4767-B6D6-EC03F5D7DFF5}.Ad-Hoc|ARM.Build.0 = Release|Any CPU
		{83F5D679-F828-4767-B6D6-EC03F5D7DFF5}.Ad-Hoc|iPhone.ActiveCfg = Release|Any CPU
		{83F5D679-F828-4767-B6D6-EC03F5D7DFF5}.Ad-Hoc|iPhone.Build.0 = Release|Any CPU
		{83F5D679-F828-4767-B6D6-EC03F5D7DFF5}.Ad-Hoc|iPhoneSimulator.ActiveCfg = Release|Any CPU
		{83F5D679-F828-4767-B6D6-EC03F5D7DFF5}.Ad-Hoc|iPhoneSimulator.Build.0 = Release|Any CPU
		{83F5D679-F828-4767-B6D6-EC03F5D7DFF5}.Ad-Hoc|x64.ActiveCfg = Release|Any CPU
		{83F5D679-F828-4767-B6D6-EC03F5D7DFF5}.Ad-Hoc|x64.Build.0 = Release|Any CPU
		{83F5D679-F828-4767-B6D6-EC03F5D7DFF5}.Ad-Hoc|x86.ActiveCfg = Release|Any CPU
		{83F5D679-F828-4767-B6D6-EC03F5D7DFF5}.Ad-Hoc|x86.Build.0 = Release|Any CPU
		{83F5D679-F828-4767-B6D6-EC03F5D7DFF5}.AppStore|Any CPU.ActiveCfg = Release|Any CPU
		{83F5D679-F828-4767-B6D6-EC03F5D7DFF5}.AppStore|Any CPU.Build.0 = Release|Any CPU
		{83F5D679-F828-4767-B6D6-EC03F5D7DFF5}.AppStore|ARM.ActiveCfg = Release|Any CPU
		{83F5D679-F828-4767-B6D6-EC03F5D7DFF5}.AppStore|ARM.Build.0 = Release|Any CPU
		{83F5D679-F828-4767-B6D6-EC03F5D7DFF5}.AppStore|iPhone.ActiveCfg = Release|Any CPU
		{83F5D679-F828-4767-B6D6-EC03F5D7DFF5}.AppStore|iPhone.Build.0 = Release|Any CPU
		{83F5D679-F828-4767-B6D6-EC03F5D7DFF5}.AppStore|iPhoneSimulator.ActiveCfg = Release|Any CPU
		{83F5D679-F828-4767-B6D6-EC03F5D7DFF5}.AppStore|iPhoneSimulator.Build.0 = Release|Any CPU
		{83F5D679-F828-4767-B6D6-EC03F5D7DFF5}.AppStore|x64.ActiveCfg = Release|Any CPU
		{83F5D679-F828-4767-B6D6-EC03F5D7DFF5}.AppStore|x64.Build.0 = Release|Any CPU
		{83F5D679-F828-4767-B6D6-EC03F5D7DFF5}.AppStore|x86.ActiveCfg = Release|Any CPU
		{83F5D679-F828-4767-B6D6-EC03F5D7DFF5}.AppStore|x86.Build.0 = Release|Any CPU
		{83F5D679-F828-4767-B6D6-EC03F5D7DFF5}.Debug|Any CPU.ActiveCfg = Debug|Any CPU
		{83F5D679-F828-4767-B6D6-EC03F5D7DFF5}.Debug|Any CPU.Build.0 = Debug|Any CPU
		{83F5D679-F828-4767-B6D6-EC03F5D7DFF5}.Debug|ARM.ActiveCfg = Debug|Any CPU
		{83F5D679-F828-4767-B6D6-EC03F5D7DFF5}.Debug|ARM.Build.0 = Debug|Any CPU
		{83F5D679-F828-4767-B6D6-EC03F5D7DFF5}.Debug|iPhone.ActiveCfg = Debug|Any CPU
		{83F5D679-F828-4767-B6D6-EC03F5D7DFF5}.Debug|iPhone.Build.0 = Debug|Any CPU
		{83F5D679-F828-4767-B6D6-EC03F5D7DFF5}.Debug|iPhoneSimulator.ActiveCfg = Debug|Any CPU
		{83F5D679-F828-4767-B6D6-EC03F5D7DFF5}.Debug|iPhoneSimulator.Build.0 = Debug|Any CPU
		{83F5D679-F828-4767-B6D6-EC03F5D7DFF5}.Debug|x64.ActiveCfg = Debug|Any CPU
		{83F5D679-F828-4767-B6D6-EC03F5D7DFF5}.Debug|x64.Build.0 = Debug|Any CPU
		{83F5D679-F828-4767-B6D6-EC03F5D7DFF5}.Debug|x86.ActiveCfg = Debug|Any CPU
		{83F5D679-F828-4767-B6D6-EC03F5D7DFF5}.Debug|x86.Build.0 = Debug|Any CPU
		{83F5D679-F828-4767-B6D6-EC03F5D7DFF5}.Release|Any CPU.ActiveCfg = Release|Any CPU
		{83F5D679-F828-4767-B6D6-EC03F5D7DFF5}.Release|Any CPU.Build.0 = Release|Any CPU
		{83F5D679-F828-4767-B6D6-EC03F5D7DFF5}.Release|ARM.ActiveCfg = Release|Any CPU
		{83F5D679-F828-4767-B6D6-EC03F5D7DFF5}.Release|ARM.Build.0 = Release|Any CPU
		{83F5D679-F828-4767-B6D6-EC03F5D7DFF5}.Release|iPhone.ActiveCfg = Release|Any CPU
		{83F5D679-F828-4767-B6D6-EC03F5D7DFF5}.Release|iPhone.Build.0 = Release|Any CPU
		{83F5D679-F828-4767-B6D6-EC03F5D7DFF5}.Release|iPhoneSimulator.ActiveCfg = Release|Any CPU
		{83F5D679-F828-4767-B6D6-EC03F5D7DFF5}.Release|iPhoneSimulator.Build.0 = Release|Any CPU
		{83F5D679-F828-4767-B6D6-EC03F5D7DFF5}.Release|x64.ActiveCfg = Release|Any CPU
		{83F5D679-F828-4767-B6D6-EC03F5D7DFF5}.Release|x64.Build.0 = Release|Any CPU
		{83F5D679-F828-4767-B6D6-EC03F5D7DFF5}.Release|x86.ActiveCfg = Release|Any CPU
		{83F5D679-F828-4767-B6D6-EC03F5D7DFF5}.Release|x86.Build.0 = Release|Any CPU
		{0BBF4DFA-387C-4221-A378-DE41160E980E}.Ad-Hoc|Any CPU.ActiveCfg = Release|Any CPU
		{0BBF4DFA-387C-4221-A378-DE41160E980E}.Ad-Hoc|Any CPU.Build.0 = Release|Any CPU
		{0BBF4DFA-387C-4221-A378-DE41160E980E}.Ad-Hoc|ARM.ActiveCfg = Release|Any CPU
		{0BBF4DFA-387C-4221-A378-DE41160E980E}.Ad-Hoc|ARM.Build.0 = Release|Any CPU
		{0BBF4DFA-387C-4221-A378-DE41160E980E}.Ad-Hoc|iPhone.ActiveCfg = Release|Any CPU
		{0BBF4DFA-387C-4221-A378-DE41160E980E}.Ad-Hoc|iPhone.Build.0 = Release|Any CPU
		{0BBF4DFA-387C-4221-A378-DE41160E980E}.Ad-Hoc|iPhoneSimulator.ActiveCfg = Release|Any CPU
		{0BBF4DFA-387C-4221-A378-DE41160E980E}.Ad-Hoc|iPhoneSimulator.Build.0 = Release|Any CPU
		{0BBF4DFA-387C-4221-A378-DE41160E980E}.Ad-Hoc|x64.ActiveCfg = Release|Any CPU
		{0BBF4DFA-387C-4221-A378-DE41160E980E}.Ad-Hoc|x64.Build.0 = Release|Any CPU
		{0BBF4DFA-387C-4221-A378-DE41160E980E}.Ad-Hoc|x86.ActiveCfg = Release|Any CPU
		{0BBF4DFA-387C-4221-A378-DE41160E980E}.Ad-Hoc|x86.Build.0 = Release|Any CPU
		{0BBF4DFA-387C-4221-A378-DE41160E980E}.AppStore|Any CPU.ActiveCfg = Release|Any CPU
		{0BBF4DFA-387C-4221-A378-DE41160E980E}.AppStore|Any CPU.Build.0 = Release|Any CPU
		{0BBF4DFA-387C-4221-A378-DE41160E980E}.AppStore|ARM.ActiveCfg = Release|Any CPU
		{0BBF4DFA-387C-4221-A378-DE41160E980E}.AppStore|ARM.Build.0 = Release|Any CPU
		{0BBF4DFA-387C-4221-A378-DE41160E980E}.AppStore|iPhone.ActiveCfg = Release|Any CPU
		{0BBF4DFA-387C-4221-A378-DE41160E980E}.AppStore|iPhone.Build.0 = Release|Any CPU
		{0BBF4DFA-387C-4221-A378-DE41160E980E}.AppStore|iPhoneSimulator.ActiveCfg = Release|Any CPU
		{0BBF4DFA-387C-4221-A378-DE41160E980E}.AppStore|iPhoneSimulator.Build.0 = Release|Any CPU
		{0BBF4DFA-387C-4221-A378-DE41160E980E}.AppStore|x64.ActiveCfg = Release|Any CPU
		{0BBF4DFA-387C-4221-A378-DE41160E980E}.AppStore|x64.Build.0 = Release|Any CPU
		{0BBF4DFA-387C-4221-A378-DE41160E980E}.AppStore|x86.ActiveCfg = Release|Any CPU
		{0BBF4DFA-387C-4221-A378-DE41160E980E}.AppStore|x86.Build.0 = Release|Any CPU
		{0BBF4DFA-387C-4221-A378-DE41160E980E}.Debug|Any CPU.ActiveCfg = Debug|Any CPU
		{0BBF4DFA-387C-4221-A378-DE41160E980E}.Debug|Any CPU.Build.0 = Debug|Any CPU
		{0BBF4DFA-387C-4221-A378-DE41160E980E}.Debug|Any CPU.Deploy.0 = Debug|Any CPU
		{0BBF4DFA-387C-4221-A378-DE41160E980E}.Debug|ARM.ActiveCfg = Debug|Any CPU
		{0BBF4DFA-387C-4221-A378-DE41160E980E}.Debug|ARM.Build.0 = Debug|Any CPU
		{0BBF4DFA-387C-4221-A378-DE41160E980E}.Debug|iPhone.ActiveCfg = Debug|Any CPU
		{0BBF4DFA-387C-4221-A378-DE41160E980E}.Debug|iPhone.Build.0 = Debug|Any CPU
		{0BBF4DFA-387C-4221-A378-DE41160E980E}.Debug|iPhoneSimulator.ActiveCfg = Debug|Any CPU
		{0BBF4DFA-387C-4221-A378-DE41160E980E}.Debug|iPhoneSimulator.Build.0 = Debug|Any CPU
		{0BBF4DFA-387C-4221-A378-DE41160E980E}.Debug|x64.ActiveCfg = Debug|Any CPU
		{0BBF4DFA-387C-4221-A378-DE41160E980E}.Debug|x64.Build.0 = Debug|Any CPU
		{0BBF4DFA-387C-4221-A378-DE41160E980E}.Debug|x86.ActiveCfg = Debug|Any CPU
		{0BBF4DFA-387C-4221-A378-DE41160E980E}.Debug|x86.Build.0 = Debug|Any CPU
		{0BBF4DFA-387C-4221-A378-DE41160E980E}.Release|Any CPU.ActiveCfg = Release|Any CPU
		{0BBF4DFA-387C-4221-A378-DE41160E980E}.Release|Any CPU.Build.0 = Release|Any CPU
		{0BBF4DFA-387C-4221-A378-DE41160E980E}.Release|Any CPU.Deploy.0 = Release|Any CPU
		{0BBF4DFA-387C-4221-A378-DE41160E980E}.Release|ARM.ActiveCfg = Release|Any CPU
		{0BBF4DFA-387C-4221-A378-DE41160E980E}.Release|ARM.Build.0 = Release|Any CPU
		{0BBF4DFA-387C-4221-A378-DE41160E980E}.Release|iPhone.ActiveCfg = Release|Any CPU
		{0BBF4DFA-387C-4221-A378-DE41160E980E}.Release|iPhone.Build.0 = Release|Any CPU
		{0BBF4DFA-387C-4221-A378-DE41160E980E}.Release|iPhoneSimulator.ActiveCfg = Release|Any CPU
		{0BBF4DFA-387C-4221-A378-DE41160E980E}.Release|iPhoneSimulator.Build.0 = Release|Any CPU
		{0BBF4DFA-387C-4221-A378-DE41160E980E}.Release|x64.ActiveCfg = Release|Any CPU
		{0BBF4DFA-387C-4221-A378-DE41160E980E}.Release|x64.Build.0 = Release|Any CPU
		{0BBF4DFA-387C-4221-A378-DE41160E980E}.Release|x86.ActiveCfg = Release|Any CPU
		{0BBF4DFA-387C-4221-A378-DE41160E980E}.Release|x86.Build.0 = Release|Any CPU
		{CDE24BBE-562D-47FF-838F-CC4025908643}.Ad-Hoc|Any CPU.ActiveCfg = Release|Any CPU
		{CDE24BBE-562D-47FF-838F-CC4025908643}.Ad-Hoc|Any CPU.Build.0 = Release|Any CPU
		{CDE24BBE-562D-47FF-838F-CC4025908643}.Ad-Hoc|ARM.ActiveCfg = Release|Any CPU
		{CDE24BBE-562D-47FF-838F-CC4025908643}.Ad-Hoc|ARM.Build.0 = Release|Any CPU
		{CDE24BBE-562D-47FF-838F-CC4025908643}.Ad-Hoc|iPhone.ActiveCfg = Release|Any CPU
		{CDE24BBE-562D-47FF-838F-CC4025908643}.Ad-Hoc|iPhone.Build.0 = Release|Any CPU
		{CDE24BBE-562D-47FF-838F-CC4025908643}.Ad-Hoc|iPhoneSimulator.ActiveCfg = Release|Any CPU
		{CDE24BBE-562D-47FF-838F-CC4025908643}.Ad-Hoc|iPhoneSimulator.Build.0 = Release|Any CPU
		{CDE24BBE-562D-47FF-838F-CC4025908643}.Ad-Hoc|x64.ActiveCfg = Release|Any CPU
		{CDE24BBE-562D-47FF-838F-CC4025908643}.Ad-Hoc|x64.Build.0 = Release|Any CPU
		{CDE24BBE-562D-47FF-838F-CC4025908643}.Ad-Hoc|x86.ActiveCfg = Release|Any CPU
		{CDE24BBE-562D-47FF-838F-CC4025908643}.Ad-Hoc|x86.Build.0 = Release|Any CPU
		{CDE24BBE-562D-47FF-838F-CC4025908643}.AppStore|Any CPU.ActiveCfg = Release|Any CPU
		{CDE24BBE-562D-47FF-838F-CC4025908643}.AppStore|Any CPU.Build.0 = Release|Any CPU
		{CDE24BBE-562D-47FF-838F-CC4025908643}.AppStore|ARM.ActiveCfg = Release|Any CPU
		{CDE24BBE-562D-47FF-838F-CC4025908643}.AppStore|ARM.Build.0 = Release|Any CPU
		{CDE24BBE-562D-47FF-838F-CC4025908643}.AppStore|iPhone.ActiveCfg = Release|Any CPU
		{CDE24BBE-562D-47FF-838F-CC4025908643}.AppStore|iPhone.Build.0 = Release|Any CPU
		{CDE24BBE-562D-47FF-838F-CC4025908643}.AppStore|iPhoneSimulator.ActiveCfg = Release|Any CPU
		{CDE24BBE-562D-47FF-838F-CC4025908643}.AppStore|iPhoneSimulator.Build.0 = Release|Any CPU
		{CDE24BBE-562D-47FF-838F-CC4025908643}.AppStore|x64.ActiveCfg = Release|Any CPU
		{CDE24BBE-562D-47FF-838F-CC4025908643}.AppStore|x64.Build.0 = Release|Any CPU
		{CDE24BBE-562D-47FF-838F-CC4025908643}.AppStore|x86.ActiveCfg = Release|Any CPU
		{CDE24BBE-562D-47FF-838F-CC4025908643}.AppStore|x86.Build.0 = Release|Any CPU
		{CDE24BBE-562D-47FF-838F-CC4025908643}.Debug|Any CPU.ActiveCfg = Debug|Any CPU
		{CDE24BBE-562D-47FF-838F-CC4025908643}.Debug|Any CPU.Build.0 = Debug|Any CPU
		{CDE24BBE-562D-47FF-838F-CC4025908643}.Debug|ARM.ActiveCfg = Debug|Any CPU
		{CDE24BBE-562D-47FF-838F-CC4025908643}.Debug|ARM.Build.0 = Debug|Any CPU
		{CDE24BBE-562D-47FF-838F-CC4025908643}.Debug|iPhone.ActiveCfg = Debug|Any CPU
		{CDE24BBE-562D-47FF-838F-CC4025908643}.Debug|iPhone.Build.0 = Debug|Any CPU
		{CDE24BBE-562D-47FF-838F-CC4025908643}.Debug|iPhoneSimulator.ActiveCfg = Debug|Any CPU
		{CDE24BBE-562D-47FF-838F-CC4025908643}.Debug|iPhoneSimulator.Build.0 = Debug|Any CPU
		{CDE24BBE-562D-47FF-838F-CC4025908643}.Debug|x64.ActiveCfg = Debug|Any CPU
		{CDE24BBE-562D-47FF-838F-CC4025908643}.Debug|x64.Build.0 = Debug|Any CPU
		{CDE24BBE-562D-47FF-838F-CC4025908643}.Debug|x86.ActiveCfg = Debug|Any CPU
		{CDE24BBE-562D-47FF-838F-CC4025908643}.Debug|x86.Build.0 = Debug|Any CPU
		{CDE24BBE-562D-47FF-838F-CC4025908643}.Release|Any CPU.ActiveCfg = Release|Any CPU
		{CDE24BBE-562D-47FF-838F-CC4025908643}.Release|Any CPU.Build.0 = Release|Any CPU
		{CDE24BBE-562D-47FF-838F-CC4025908643}.Release|ARM.ActiveCfg = Release|Any CPU
		{CDE24BBE-562D-47FF-838F-CC4025908643}.Release|ARM.Build.0 = Release|Any CPU
		{CDE24BBE-562D-47FF-838F-CC4025908643}.Release|iPhone.ActiveCfg = Release|Any CPU
		{CDE24BBE-562D-47FF-838F-CC4025908643}.Release|iPhone.Build.0 = Release|Any CPU
		{CDE24BBE-562D-47FF-838F-CC4025908643}.Release|iPhoneSimulator.ActiveCfg = Release|Any CPU
		{CDE24BBE-562D-47FF-838F-CC4025908643}.Release|iPhoneSimulator.Build.0 = Release|Any CPU
		{CDE24BBE-562D-47FF-838F-CC4025908643}.Release|x64.ActiveCfg = Release|Any CPU
		{CDE24BBE-562D-47FF-838F-CC4025908643}.Release|x64.Build.0 = Release|Any CPU
		{CDE24BBE-562D-47FF-838F-CC4025908643}.Release|x86.ActiveCfg = Release|Any CPU
		{CDE24BBE-562D-47FF-838F-CC4025908643}.Release|x86.Build.0 = Release|Any CPU
		{8192064F-6CF2-43EB-9AD2-7F2939EFF86B}.Ad-Hoc|Any CPU.ActiveCfg = Release|x64
		{8192064F-6CF2-43EB-9AD2-7F2939EFF86B}.Ad-Hoc|Any CPU.Build.0 = Release|x64
		{8192064F-6CF2-43EB-9AD2-7F2939EFF86B}.Ad-Hoc|Any CPU.Deploy.0 = Release|x64
		{8192064F-6CF2-43EB-9AD2-7F2939EFF86B}.Ad-Hoc|ARM.ActiveCfg = Release|ARM
		{8192064F-6CF2-43EB-9AD2-7F2939EFF86B}.Ad-Hoc|ARM.Build.0 = Release|ARM
		{8192064F-6CF2-43EB-9AD2-7F2939EFF86B}.Ad-Hoc|ARM.Deploy.0 = Release|ARM
		{8192064F-6CF2-43EB-9AD2-7F2939EFF86B}.Ad-Hoc|ARM64.ActiveCfg = Release|ARM64
		{8192064F-6CF2-43EB-9AD2-7F2939EFF86B}.Ad-Hoc|ARM64.Build.0 = Release|ARM64
		{8192064F-6CF2-43EB-9AD2-7F2939EFF86B}.Ad-Hoc|ARM64.Deploy.0 = Release|ARM64
		{8192064F-6CF2-43EB-9AD2-7F2939EFF86B}.Ad-Hoc|iPhone.ActiveCfg = Release|x64
		{8192064F-6CF2-43EB-9AD2-7F2939EFF86B}.Ad-Hoc|iPhone.Build.0 = Release|x64
		{8192064F-6CF2-43EB-9AD2-7F2939EFF86B}.Ad-Hoc|iPhone.Deploy.0 = Release|x64
		{8192064F-6CF2-43EB-9AD2-7F2939EFF86B}.Ad-Hoc|iPhoneSimulator.ActiveCfg = Release|x64
		{8192064F-6CF2-43EB-9AD2-7F2939EFF86B}.Ad-Hoc|iPhoneSimulator.Build.0 = Release|x64
		{8192064F-6CF2-43EB-9AD2-7F2939EFF86B}.Ad-Hoc|iPhoneSimulator.Deploy.0 = Release|x64
		{8192064F-6CF2-43EB-9AD2-7F2939EFF86B}.Ad-Hoc|x64.ActiveCfg = Release|x64
		{8192064F-6CF2-43EB-9AD2-7F2939EFF86B}.Ad-Hoc|x64.Build.0 = Release|x64
		{8192064F-6CF2-43EB-9AD2-7F2939EFF86B}.Ad-Hoc|x64.Deploy.0 = Release|x64
		{8192064F-6CF2-43EB-9AD2-7F2939EFF86B}.Ad-Hoc|x86.ActiveCfg = Release|x86
		{8192064F-6CF2-43EB-9AD2-7F2939EFF86B}.Ad-Hoc|x86.Build.0 = Release|x86
		{8192064F-6CF2-43EB-9AD2-7F2939EFF86B}.Ad-Hoc|x86.Deploy.0 = Release|x86
		{8192064F-6CF2-43EB-9AD2-7F2939EFF86B}.AppStore|Any CPU.ActiveCfg = Release|x64
		{8192064F-6CF2-43EB-9AD2-7F2939EFF86B}.AppStore|Any CPU.Build.0 = Release|x64
		{8192064F-6CF2-43EB-9AD2-7F2939EFF86B}.AppStore|Any CPU.Deploy.0 = Release|x64
		{8192064F-6CF2-43EB-9AD2-7F2939EFF86B}.AppStore|ARM.ActiveCfg = Release|ARM
		{8192064F-6CF2-43EB-9AD2-7F2939EFF86B}.AppStore|ARM.Build.0 = Release|ARM
		{8192064F-6CF2-43EB-9AD2-7F2939EFF86B}.AppStore|ARM.Deploy.0 = Release|ARM
		{8192064F-6CF2-43EB-9AD2-7F2939EFF86B}.AppStore|ARM64.ActiveCfg = Release|ARM64
		{8192064F-6CF2-43EB-9AD2-7F2939EFF86B}.AppStore|ARM64.Build.0 = Release|ARM64
		{8192064F-6CF2-43EB-9AD2-7F2939EFF86B}.AppStore|ARM64.Deploy.0 = Release|ARM64
		{8192064F-6CF2-43EB-9AD2-7F2939EFF86B}.AppStore|iPhone.ActiveCfg = Release|x64
		{8192064F-6CF2-43EB-9AD2-7F2939EFF86B}.AppStore|iPhone.Build.0 = Release|x64
		{8192064F-6CF2-43EB-9AD2-7F2939EFF86B}.AppStore|iPhone.Deploy.0 = Release|x64
		{8192064F-6CF2-43EB-9AD2-7F2939EFF86B}.AppStore|iPhoneSimulator.ActiveCfg = Release|x64
		{8192064F-6CF2-43EB-9AD2-7F2939EFF86B}.AppStore|iPhoneSimulator.Build.0 = Release|x64
		{8192064F-6CF2-43EB-9AD2-7F2939EFF86B}.AppStore|iPhoneSimulator.Deploy.0 = Release|x64
		{8192064F-6CF2-43EB-9AD2-7F2939EFF86B}.AppStore|x64.ActiveCfg = Release|x64
		{8192064F-6CF2-43EB-9AD2-7F2939EFF86B}.AppStore|x64.Build.0 = Release|x64
		{8192064F-6CF2-43EB-9AD2-7F2939EFF86B}.AppStore|x64.Deploy.0 = Release|x64
		{8192064F-6CF2-43EB-9AD2-7F2939EFF86B}.AppStore|x86.ActiveCfg = Release|x86
		{8192064F-6CF2-43EB-9AD2-7F2939EFF86B}.AppStore|x86.Build.0 = Release|x86
		{8192064F-6CF2-43EB-9AD2-7F2939EFF86B}.AppStore|x86.Deploy.0 = Release|x86
		{8192064F-6CF2-43EB-9AD2-7F2939EFF86B}.Debug|Any CPU.ActiveCfg = Debug|x86
		{8192064F-6CF2-43EB-9AD2-7F2939EFF86B}.Debug|ARM.ActiveCfg = Debug|ARM
		{8192064F-6CF2-43EB-9AD2-7F2939EFF86B}.Debug|ARM.Build.0 = Debug|ARM
		{8192064F-6CF2-43EB-9AD2-7F2939EFF86B}.Debug|ARM.Deploy.0 = Debug|ARM
		{8192064F-6CF2-43EB-9AD2-7F2939EFF86B}.Debug|ARM64.ActiveCfg = Debug|ARM64
		{8192064F-6CF2-43EB-9AD2-7F2939EFF86B}.Debug|ARM64.Build.0 = Debug|ARM64
		{8192064F-6CF2-43EB-9AD2-7F2939EFF86B}.Debug|ARM64.Deploy.0 = Debug|ARM64
		{8192064F-6CF2-43EB-9AD2-7F2939EFF86B}.Debug|iPhone.ActiveCfg = Debug|x86
		{8192064F-6CF2-43EB-9AD2-7F2939EFF86B}.Debug|iPhoneSimulator.ActiveCfg = Debug|x86
		{8192064F-6CF2-43EB-9AD2-7F2939EFF86B}.Debug|x64.ActiveCfg = Debug|x64
		{8192064F-6CF2-43EB-9AD2-7F2939EFF86B}.Debug|x64.Build.0 = Debug|x64
		{8192064F-6CF2-43EB-9AD2-7F2939EFF86B}.Debug|x64.Deploy.0 = Debug|x64
		{8192064F-6CF2-43EB-9AD2-7F2939EFF86B}.Debug|x86.ActiveCfg = Debug|x86
		{8192064F-6CF2-43EB-9AD2-7F2939EFF86B}.Debug|x86.Build.0 = Debug|x86
		{8192064F-6CF2-43EB-9AD2-7F2939EFF86B}.Debug|x86.Deploy.0 = Debug|x86
		{8192064F-6CF2-43EB-9AD2-7F2939EFF86B}.Release|Any CPU.ActiveCfg = Release|x86
		{8192064F-6CF2-43EB-9AD2-7F2939EFF86B}.Release|ARM.ActiveCfg = Release|ARM
		{8192064F-6CF2-43EB-9AD2-7F2939EFF86B}.Release|ARM.Build.0 = Release|ARM
		{8192064F-6CF2-43EB-9AD2-7F2939EFF86B}.Release|ARM.Deploy.0 = Release|ARM
		{8192064F-6CF2-43EB-9AD2-7F2939EFF86B}.Release|ARM64.ActiveCfg = Release|ARM64
		{8192064F-6CF2-43EB-9AD2-7F2939EFF86B}.Release|ARM64.Build.0 = Release|ARM64
		{8192064F-6CF2-43EB-9AD2-7F2939EFF86B}.Release|ARM64.Deploy.0 = Release|ARM64
		{8192064F-6CF2-43EB-9AD2-7F2939EFF86B}.Release|iPhone.ActiveCfg = Release|x86
		{8192064F-6CF2-43EB-9AD2-7F2939EFF86B}.Release|iPhoneSimulator.ActiveCfg = Release|x86
		{8192064F-6CF2-43EB-9AD2-7F2939EFF86B}.Release|x64.ActiveCfg = Release|x64
		{8192064F-6CF2-43EB-9AD2-7F2939EFF86B}.Release|x64.Build.0 = Release|x64
		{8192064F-6CF2-43EB-9AD2-7F2939EFF86B}.Release|x64.Deploy.0 = Release|x64
		{8192064F-6CF2-43EB-9AD2-7F2939EFF86B}.Release|x86.ActiveCfg = Release|x86
		{8192064F-6CF2-43EB-9AD2-7F2939EFF86B}.Release|x86.Build.0 = Release|x86
		{8192064F-6CF2-43EB-9AD2-7F2939EFF86B}.Release|x86.Deploy.0 = Release|x86
	EndGlobalSection
	GlobalSection(SolutionProperties) = preSolution
		HideSolutionNode = FALSE
	EndGlobalSection
	GlobalSection(ExtensibilityGlobals) = postSolution
		SolutionGuid = {F6D05029-56B8-4E45-AF2D-0E76295DDBA2}
	EndGlobalSection
EndGlobal
